
Microsoft Visual Studio Solution File, Format Version 12.00
# Visual Studio 15
VisualStudioVersion = 15.0.36324.19
MinimumVisualStudioVersion = 10.0.40219.1
Project("{FAE04EC0-301F-11D3-BF4B-00C04F79EFBC}") = "PhotoAlbumApp", "PhotoAlbumApp\PhotoAlbumApp.csproj", "{5EDB3074-F8FD-436F-93B2-717DAE0ABFC1}"
EndProject
Global
	GlobalSection(SolutionConfigurationPlatforms) = preSolution
		Debug|Any CPU = Debug|Any CPU
		Release|Any CPU = Release|Any CPU
	EndGlobalSection
	GlobalSection(ProjectConfigurationPlatforms) = postSolution
		{5EDB3074-F8FD-436F-93B2-717DAE0ABFC1}.Debug|Any CPU.ActiveCfg = Debug|Any CPU
		{5EDB3074-F8FD-436F-93B2-717DAE0ABFC1}.Debug|Any CPU.Build.0 = Debug|Any CPU
		{5EDB3074-F8FD-436F-93B2-717DAE0ABFC1}.Release|Any CPU.ActiveCfg = Release|Any CPU
		{5EDB3074-F8FD-436F-93B2-717DAE0ABFC1}.Release|Any CPU.Build.0 = Release|Any CPU
	EndGlobalSection
	GlobalSection(SolutionProperties) = preSolution
		HideSolutionNode = FALSE
	EndGlobalSection
	GlobalSection(ExtensibilityGlobals) = postSolution
		SolutionGuid = {A7D91A72-448D-4097-9891-EA114AD2CF78}
	EndGlobalSection
EndGlobal
